{
    "_meta": {
        "hash": {
            "sha256": "42e2605791597d0790f7e79ac8f839d0304ae77dd9ac5f9c470925652489b0fc"
        },
        "pipfile-spec": 6,
        "requires": {
            "python_version": "3.6"
        },
        "sources": [
            {
                "name": "pypi",
                "url": "https://pypi.org/simple",
                "verify_ssl": true
            }
        ]
    },
    "default": {
        "attrs": {
            "hashes": [
                "sha256:08a96c641c3a74e44eb59afb61a24f2cb9f4d7188748e76ba4bb5edfa3cb7d1c",
                "sha256:f7b7ce16570fe9965acd6d30101a28f62fb4a7f9e926b3bbc9b61f8b04247e72"
            ],
            "version": "==19.3.0"
        },
        "certifi": {
            "hashes": [
                "sha256:e4f3620cfea4f83eedc95b24abd9cd56f3c4b146dd0177e83a21b4eb49e21e50",
                "sha256:fd7c7c74727ddcf00e9acd26bba8da604ffec95bf1c2144e67aff7a8b50e6cef"
            ],
            "version": "==2019.9.11"
        },
        "chardet": {
            "hashes": [
                "sha256:84ab92ed1c4d4f16916e05906b6b75a6c0fb5db821cc65e70cbd64a3e2a5eaae",
                "sha256:fc323ffcaeaed0e0a02bf4d117757b98aed530d9ed4531e3e15460124c106691"
            ],
            "version": "==3.0.4"
        },
        "click": {
            "hashes": [
                "sha256:2335065e6395b9e67ca716de5f7526736bfa6ceead690adf616d925bdc622b13",
                "sha256:5b94b49521f6456670fdb30cd82a4eca9412788a93fa6dd6df72c94d5a8ff2d7"
            ],
            "version": "==7.0"
        },
        "clickclick": {
            "hashes": [
                "sha256:4a890aaa9c3990cfabd446294eb34e3dc89701101ac7b41c1bff85fc210f6d23",
                "sha256:ab8f229fb9906a86634bdfc6fabfc2b665f44804170720db4f6e1d98f8a58f3d"
            ],
            "version": "==1.2.2"
        },
        "connexion": {
            "extras": [
                "swagger-ui"
            ],
            "hashes": [
                "sha256:24a0f02e601c37de81840a91dff68bbfa48df819ac75b7f8a9cd7e0e2ec8af95",
                "sha256:3511c369fb1fd1be56ac1d7ba2910f710f59b9cdb36338135afbf0fe51af189e"
            ],
            "index": "pypi",
            "version": "==2.2.0"
        },
        "contextlib2": {
            "hashes": [
                "sha256:01f490098c18b19d2bd5bb5dc445b2054d2fa97f09a4280ba2c5f3c394c8162e",
                "sha256:3355078a159fbb44ee60ea80abd0d87b80b78c248643b49aa6d94673b413609b"
            ],
            "version": "==0.6.0.post1"
        },
        "daiquiri": {
            "hashes": [
                "sha256:14f0c0746df96cb9c1c5b12ff4dca0bcb977d072c6f4424adcc54e1c0f548cd7",
                "sha256:c13a236b82b0ff6eda514bba71df595c61f12de024bc53c703a4c7511ddc94c1"
            ],
            "version": "==1.6.0"
        },
        "flask": {
            "hashes": [
                "sha256:2271c0070dbcb5275fad4a82e29f23ab92682dc45f9dfbc22c02ba9b9322ce48",
                "sha256:a080b744b7e345ccfcbc77954861cb05b3c63786e93f2b3875e0913d44b43f05"
            ],
            "index": "pypi",
            "version": "==1.0.2"
        },
        "flask-script": {
            "hashes": [
                "sha256:6425963d91054cfcc185807141c7314a9c5ad46325911bd24dcb489bd0161c65"
            ],
            "index": "pypi",
            "version": "==2.0.6"
        },
        "future": {
            "hashes": [
                "sha256:858e38522e8fd0d3ce8f0c1feaf0603358e366d5403209674c7b617fa0c24093"
            ],
            "version": "==0.18.1"
        },
        "grpcio": {
            "hashes": [
                "sha256:082bc981d6aabfdb26bfdeab63f5626df3d2c5ac3a9ae8533dfa5ce73432f4fe",
                "sha256:0e8ff79b12b8b07198dd847974fc32a4ed8c0d52d5224fabb9d28bf4c2e3f4a9",
                "sha256:11c8026a3d35e8b9ad6cda7bf4f5e51b9b82e7f29a590ad194f63957657fa808",
                "sha256:145e82aec0a643d7569499b1aa0d5167c99d9d26a2b8c4e4b3f5cd51b99a8cdc",
                "sha256:1a820ebf0c924cbfa299cb59e4bc9582a24abfec89d9a36c281d78fa941115ae",
                "sha256:284bee4657c4dd7d48835128b31975e8b0ea3a2eeb084c5d46de215b31d1f8f5",
                "sha256:2a8b6b569fd23f4d9f2c8201fd8995519dfbddc60ceeffa8bf5bea2a8e9cb72c",
                "sha256:38b93080df498656aea1dbab632e32013c580c2d00bd8c30d0f1d2c9513b0469",
                "sha256:4837ad8fdcf99df0e89214ba42001469cab807851f30481db41fd84fc9358ce7",
                "sha256:5447336edd6fea8ab35eca34ff5289e369e22c375bc2ac8156a419fa467949ac",
                "sha256:57705e31f76db45b51f3a98bcfd362c89d58e99f846337a25fed957b4d43ae4f",
                "sha256:612e742c748df51c921a7eefd76195d76467e3cc00e084e089af5b111d8210b7",
                "sha256:62c777f801aee22100d8ea5fa057020e37b65541a8000091879a8560b089da9d",
                "sha256:8317d351ab1e80cf20676ef3d4929d3e760df10e6e5c289283c36c4c92ca61f7",
                "sha256:8703efaf03396123426fdea08b369712df1248fa5fdfdbee3f87a410f52e9bac",
                "sha256:8b72721e64becd4a3e9580f12dbdf618d41e80d3ae7585dc8a921dbf76c979bb",
                "sha256:8bb7dbe20fe883ee22a6cb2c1317ea228b75a3ef60f3749584ee2634192e3452",
                "sha256:9a7ed6160e6c14058b4676aac68a8bf268f171f4c371ff0a0c0ab81b90803f70",
                "sha256:a46c34768f292fa0d97e929591e51ec20dc857321d83b198de1dad9c8183e8cb",
                "sha256:a7f21a7b48fcd9f51029419b22a9bfea097973cca5d1529b8578f1d2919e6b23",
                "sha256:adfee9c9099cae92c2a4948bc95cc2cc3185cdf59b371e056b8dd19ed434247e",
                "sha256:b3bbeadc6b99e4a42bf23803f5e9b292f23f3e37cc7f75a9f5efbfa9b812abc1",
                "sha256:b51d49d89758ea45841130c5c7be79c68612d8834bd600994b8a2672c59dc9b9",
                "sha256:cbb95a586fdf3e795eba28b4acc75fdfdb59a14df62e747fe8bc4572ef37b647",
                "sha256:cdea5595b30f027e6603887b71f343ca5b209da74b910fe04fc25e1dfe6df263",
                "sha256:d64350156dc4b21914409e0c93ffeeb4ceba193716fb1ae570df699383c4cd63",
                "sha256:e10bbef59706a90672b295c0f82dcb6329d829643b8dd7c3bd120f89a093d740",
                "sha256:e68e6afbbae2cbfadaabd33ee40314963cd83500feff733c07edb172674a7f8b",
                "sha256:f0c0e48c255a63fec78be2f240ff5a3bd4291b1f83976895f6ee0085362568d0",
                "sha256:f7bb6617bae5e7333e66ec1e7aac1fe419b59e0e34a8717f97e1ce2791ab9d3a",
                "sha256:fa6e14bce7ad5de2363abb644191489ddfffcdb2751337251f7ef962ab7e3293",
                "sha256:fd6774bbb6c717f725b39394757445ead4f69c471118364933aadb81a4f16961"
            ],
            "index": "pypi",
            "version": "==1.17.1"
        },
        "grpcio-opentracing": {
            "hashes": [
                "sha256:3d26eca286899ef0175b630fb7b1875557af74c6d9b2e52ca49644160eb5fa84",
                "sha256:7302a464b5ea781d0a680d1e886db3a16071fca0876a65293a26c77ec9cad587"
            ],
            "index": "pypi",
            "version": "==1.1.3"
        },
        "grpcio-tools": {
            "hashes": [
                "sha256:0bcce7a7c8116500e5c19b1716b6f901591522326d7ad7b07601a4d4fa98f701",
                "sha256:12b3f3df64b48d47352898cdcd0e4513f4f805cceeaa5d159c187a5a393d55bd",
                "sha256:1c8ac19930e7a25d2d2b582e79b3a1c0d2778755d68a09ad9d100bee0f680ed3",
                "sha256:1f78887de083ad8562fb12d9604572bebc41579e85719a4ba4fb1191277a4cfa",
                "sha256:2703fb7f709a53bf4ff2780c8900b0391fbb73ca8e0343d2dd8461a6a510f031",
                "sha256:2cf08d1a8a44f370dc9d58fddc6c38c9425ce677756857d0934068794dfa5eb5",
                "sha256:3edfe4f0327601e80a657ccb9bcdc4973ea7acd78b5447e5e32c8e92ba0543c2",
                "sha256:486e2ebc7d38c8989749f49cc2e99ab75c25c95d75a0d28f5806d33a48a4ee61",
                "sha256:4fbce61d417e9662bd70e0408ce28550fbb0161a4fce671667efa7a93aa5e526",
                "sha256:5190d6e8bc35ce13f482d6def0ddb1f7b55b44f586ed8e5f852425b58f9e24e7",
                "sha256:52039ff7fe26c5a266d8a9589b96b3683c2da625c4bddf24ac3751b8ce71d2ec",
                "sha256:557a26d051433f912a54e0f4f5e7191cc7dcee163a25e9694c5b1e2539f04e64",
                "sha256:5df2ee2b0218f89fee97b87142cbb5598ef9b235e61713056e1e90018de98046",
                "sha256:64ab39a91440fa08914217173fadc2351f7028f044d6a2b2e3a33786a108d0bd",
                "sha256:6cc374d6e38890e5aaa170b5457d34957a7e12294ad7b5024cdf05585fc08062",
                "sha256:6ccd866f9200c6cce40cbba1b131411695c4ca8e6399db6cf38faeeea43532ea",
                "sha256:78b0e1930f75181e4c787c960f3de09d0f87db22cccd3b01a2962783b3020e43",
                "sha256:7f3a02cf405a82b1b47b7d390de0bd733250c5003edabadc1e9c5e9aaad77f57",
                "sha256:a5d69f48393779a3fc6029dd6955b1747c071b80757b9ea905912f83b339839a",
                "sha256:a7020a374c4102ecda397baeb320000efe128fba7ab110e44d35013e9cf1bc43",
                "sha256:a9e749380e125816d583152c6654eb680287b9aa1a1e2e2607c302af3d93a8c8",
                "sha256:b37d084dd0dbaa72a125935c8c5b156a4e69d6a150d0ee9aaf60b22f5f7684db",
                "sha256:b753b1c6c3d8f113ebed56bd29e39619d3a976cddf80ca51529759a023239564",
                "sha256:bca7841a38fb69bf0114f67bb56a5ad6c0633dd7b525fd820786e02b8e29a830",
                "sha256:c8609ff484847a0c194bdaec52b7e3f63dd59e94f85e440d3eb91f586301388d",
                "sha256:cbf98c7623366170c2049515f0a5bbe82af7d09f987a227d5760763e5e3646b2",
                "sha256:d4ad3085f0c79ff10bd06611c39fbb2170f2bf68483c57f96ff102605a137524",
                "sha256:ec0d46441d40d0278c3d0887c434585a3059d6bba73e4849aa626854e01133bc",
                "sha256:edf38a53e675070167eb10b4f8b88da2f1bb47d6465f499d1a6d10ed26d56817",
                "sha256:ee9a436b11d845b022c3467f3163adae264b2f3852f344c1d08400d05b58b6d5",
                "sha256:fcf8a06c8a0d082ea2582641214ca8d6a9d5b1a023a4da4ce519d27985bf8a5e",
                "sha256:fee07702885cb742d13f589ec32c73a7441d110172c38871600f0b71195c9e8a"
            ],
            "index": "pypi",
            "version": "==1.17.1"
        },
        "gunicorn": {
            "hashes": [
                "sha256:aa8e0b40b4157b36a5df5e599f45c9c76d6af43845ba3b3b0efe2c70473c2471",
                "sha256:fa2662097c66f920f53f70621c6c58ca4a3c4d3434205e608e121b5b3b71f4f3"
            ],
            "index": "pypi",
            "version": "==19.9.0"
        },
        "idna": {
            "hashes": [
                "sha256:c357b3f628cf53ae2c4c05627ecc484553142ca23264e593d327bcde5e9c3407",
                "sha256:ea8b7f6188e6fa117537c3df7da9fc686d485087abf6ac197f9c46432f7e4a3c"
            ],
            "version": "==2.8"
        },
        "inflection": {
            "hashes": [
                "sha256:18ea7fb7a7d152853386523def08736aa8c32636b047ade55f7578c4edeb16ca"
            ],
            "version": "==0.3.1"
        },
        "itsdangerous": {
            "hashes": [
                "sha256:321b033d07f2a4136d3ec762eac9f16a10ccd60f53c0c91af90217ace7ba1f19",
                "sha256:b12271b2047cb23eeb98c8b5622e2e5c5e9abd9784a153e9d8ef9cb4dd09d749"
            ],
            "version": "==1.1.0"
        },
        "jaeger-client": {
            "hashes": [
                "sha256:12e44bafa4a9a3fad1187183be8013e1ed92c06d5641492fc63e9619d6ec39ce"
            ],
            "index": "pypi",
            "version": "==3.13.0"
        },
        "jinja2": {
            "hashes": [
                "sha256:74320bb91f31270f9551d46522e33af46a80c3d619f4a4bf42b3164d30b5911f",
                "sha256:9fe95f19286cfefaa917656583d020be14e7859c6b0252588391e47db34527de"
            ],
            "version": "==2.10.3"
        },
        "jsonschema": {
            "hashes": [
                "sha256:000e68abd33c972a5248544925a0cae7d1125f9bf6c58280d37546b946769a08",
                "sha256:6ff5f3180870836cae40f06fa10419f557208175f13ad7bc26caa77beb1f6e02"
            ],
            "version": "==2.6.0"
        },
        "markupsafe": {
            "hashes": [
                "sha256:00bc623926325b26bb9605ae9eae8a215691f33cae5df11ca5424f06f2d1f473",
                "sha256:09027a7803a62ca78792ad89403b1b7a73a01c8cb65909cd876f7fcebd79b161",
                "sha256:09c4b7f37d6c648cb13f9230d847adf22f8171b1ccc4d5682398e77f40309235",
                "sha256:1027c282dad077d0bae18be6794e6b6b8c91d58ed8a8d89a89d59693b9131db5",
                "sha256:24982cc2533820871eba85ba648cd53d8623687ff11cbb805be4ff7b4c971aff",
                "sha256:29872e92839765e546828bb7754a68c418d927cd064fd4708fab9fe9c8bb116b",
                "sha256:43a55c2930bbc139570ac2452adf3d70cdbb3cfe5912c71cdce1c2c6bbd9c5d1",
                "sha256:46c99d2de99945ec5cb54f23c8cd5689f6d7177305ebff350a58ce5f8de1669e",
                "sha256:500d4957e52ddc3351cabf489e79c91c17f6e0899158447047588650b5e69183",
                "sha256:535f6fc4d397c1563d08b88e485c3496cf5784e927af890fb3c3aac7f933ec66",
                "sha256:62fe6c95e3ec8a7fad637b7f3d372c15ec1caa01ab47926cfdf7a75b40e0eac1",
                "sha256:6dd73240d2af64df90aa7c4e7481e23825ea70af4b4922f8ede5b9e35f78a3b1",
                "sha256:717ba8fe3ae9cc0006d7c451f0bb265ee07739daf76355d06366154ee68d221e",
                "sha256:79855e1c5b8da654cf486b830bd42c06e8780cea587384cf6545b7d9ac013a0b",
                "sha256:7c1699dfe0cf8ff607dbdcc1e9b9af1755371f92a68f706051cc8c37d447c905",
                "sha256:88e5fcfb52ee7b911e8bb6d6aa2fd21fbecc674eadd44118a9cc3863f938e735",
                "sha256:8defac2f2ccd6805ebf65f5eeb132adcf2ab57aa11fdf4c0dd5169a004710e7d",
                "sha256:98c7086708b163d425c67c7a91bad6e466bb99d797aa64f965e9d25c12111a5e",
                "sha256:9add70b36c5666a2ed02b43b335fe19002ee5235efd4b8a89bfcf9005bebac0d",
                "sha256:9bf40443012702a1d2070043cb6291650a0841ece432556f784f004937f0f32c",
                "sha256:ade5e387d2ad0d7ebf59146cc00c8044acbd863725f887353a10df825fc8ae21",
                "sha256:b00c1de48212e4cc9603895652c5c410df699856a2853135b3967591e4beebc2",
                "sha256:b1282f8c00509d99fef04d8ba936b156d419be841854fe901d8ae224c59f0be5",
                "sha256:b2051432115498d3562c084a49bba65d97cf251f5a331c64a12ee7e04dacc51b",
                "sha256:ba59edeaa2fc6114428f1637ffff42da1e311e29382d81b339c1817d37ec93c6",
                "sha256:c8716a48d94b06bb3b2524c2b77e055fb313aeb4ea620c8dd03a105574ba704f",
                "sha256:cd5df75523866410809ca100dc9681e301e3c27567cf498077e8551b6d20e42f",
                "sha256:e249096428b3ae81b08327a63a485ad0878de3fb939049038579ac0ef61e17e7"
            ],
            "version": "==1.1.1"
        },
        "openapi-spec-validator": {
            "hashes": [
                "sha256:0caacd9829e9e3051e830165367bf58d436d9487b29a09220fa7edb9f47ff81b",
                "sha256:d4da8aef72bf5be40cf0df444abd20009a41baf9048a8e03750c07a934f1bdd8",
                "sha256:e489c7a273284bc78277ac22791482e8058d323b4a265015e9fcddf6a8045bcd"
            ],
            "version": "==0.2.8"
        },
        "opentracing": {
            "hashes": [
                "sha256:9b3f7c7a20c34170b9253c97121256264daf6b5f090035c732c6e2548cc5c0a7"
            ],
            "version": "==1.3.0"
        },
        "opentracing-instrumentation": {
            "hashes": [
                "sha256:8532d4358ff5acbf3a9be719ebe4a2d88f81d3a4b08210242abb4d78fc4936b5"
            ],
            "index": "pypi",
            "version": "==2.4.3"
        },
        "prometheus-client": {
            "hashes": [
                "sha256:1b38b958750f66f208bcd9ab92a633c0c994d8859c831f7abc1f46724fcee490"
            ],
            "index": "pypi",
            "version": "==0.6.0"
        },
        "prometheus-flask-exporter": {
            "hashes": [
                "sha256:468deb0aa2155c8a97df201cb7b7b59a8c3dcf2007715a6ff09d57b01cb136ce"
            ],
            "index": "pypi",
            "version": "==0.7.1"
        },
        "protobuf": {
            "hashes": [
                "sha256:125713564d8cfed7610e52444c9769b8dcb0b55e25cc7841f2290ee7bc86636f",
                "sha256:1accdb7a47e51503be64d9a57543964ba674edac103215576399d2d0e34eac77",
                "sha256:27003d12d4f68e3cbea9eb67427cab3bfddd47ff90670cb367fcd7a3a89b9657",
                "sha256:3264f3c431a631b0b31e9db2ae8c927b79fc1a7b1b06b31e8e5bcf2af91fe896",
                "sha256:3c5ab0f5c71ca5af27143e60613729e3488bb45f6d3f143dc918a20af8bab0bf",
                "sha256:45dcf8758873e3f69feab075e5f3177270739f146255225474ee0b90429adef6",
                "sha256:56a77d61a91186cc5676d8e11b36a5feb513873e4ae88d2ee5cf530d52bbcd3b",
                "sha256:5984e4947bbcef5bd849d6244aec507d31786f2dd3344139adc1489fb403b300",
                "sha256:6b0441da73796dd00821763bb4119674eaf252776beb50ae3883bed179a60b2a",
                "sha256:6f6677c5ade94d4fe75a912926d6796d5c71a2a90c2aeefe0d6f211d75c74789",
                "sha256:84a825a9418d7196e2acc48f8746cf1ee75877ed2f30433ab92a133f3eaf8fbe",
                "sha256:b842c34fe043ccf78b4a6cf1019d7b80113707d68c88842d061fa2b8fb6ddedc",
                "sha256:ca33d2f09dae149a1dcf942d2d825ebb06343b77b437198c9e2ef115cf5d5bc1",
                "sha256:db83b5c12c0cd30150bb568e6feb2435c49ce4e68fe2d7b903113f0e221e58fe",
                "sha256:f50f3b1c5c1c1334ca7ce9cad5992f098f460ffd6388a3cabad10b66c2006b09",
                "sha256:f99f127909731cafb841c52f9216e447d3e4afb99b17bebfad327a75aee206de"
            ],
            "version": "==3.10.0"
        },
        "pytz": {
            "hashes": [
                "sha256:1c557d7d0e871de1f5ccd5833f60fb2550652da6be2693c1e02300743d21500d",
                "sha256:b02c06db6cf09c12dd25137e563b31700d3b80fcc4ad23abb7a315f2789819be"
            ],
            "version": "==2019.3"
        },
        "pyyaml": {
            "hashes": [
                "sha256:0113bc0ec2ad727182326b61326afa3d1d8280ae1122493553fd6f4397f33df9",
                "sha256:01adf0b6c6f61bd11af6e10ca52b7d4057dd0be0343eb9283c878cf3af56aee4",
                "sha256:5124373960b0b3f4aa7df1707e63e9f109b5263eca5976c66e08b1c552d4eaf8",
                "sha256:5ca4f10adbddae56d824b2c09668e91219bb178a1eee1faa56af6f99f11bf696",
                "sha256:7907be34ffa3c5a32b60b95f4d95ea25361c951383a894fec31be7252b2b6f34",
                "sha256:7ec9b2a4ed5cad025c2278a1e6a19c011c80a3caaac804fd2d329e9cc2c287c9",
                "sha256:87ae4c829bb25b9fe99cf71fbb2140c448f534e24c998cc60f39ae4f94396a73",
                "sha256:9de9919becc9cc2ff03637872a440195ac4241c80536632fffeb6a1e25a74299",
                "sha256:a5a85b10e450c66b49f98846937e8cfca1db3127a9d5d1e31ca45c3d0bef4c5b",
                "sha256:b0997827b4f6a7c286c01c5f60384d218dca4ed7d9efa945c3e1aa623d5709ae",
                "sha256:b631ef96d3222e62861443cc89d6563ba3eeb816eeb96b2629345ab795e53681",
                "sha256:bf47c0607522fdbca6c9e817a6e81b08491de50f3766a7a0e6a5be7905961b41",
                "sha256:f81025eddd0327c7d4cfe9b62cf33190e1e736cc6e97502b3ec425f574b3e7a8"
            ],
            "version": "==5.1.2"
        },
        "requests": {
            "hashes": [
                "sha256:502a824f31acdacb3a35b6690b5fbf0bc41d63a24a45c4004352b0242707598e",
                "sha256:7bf2a778576d825600030a110f3c0e3e8edc51dfaafe1c146e39a2027784957b"
            ],
            "index": "pypi",
            "version": "==2.21.0"
        },
        "rfc5424-logging-handler": {
            "hashes": [
                "sha256:9ae14073ef6d76d0c730ad6b6e3aeece841a6d413672d282876c0506dc097257",
                "sha256:eaba528e47fba3e2845d52d559885cbc27a37db42a9d265ea539b3b4452d3057"
            ],
            "version": "==1.4.3"
        },
        "sentry-sdk": {
            "hashes": [
                "sha256:7d8668f082cb1eb9bf1e0d3f8f9bd5796d05d927c1197af226d044ed32b9815f",
                "sha256:ff14935cc3053de0650128f124c36f34a4be120b8cc522c149f5cba342c1fd05"
            ],
            "version": "==0.13.0"
        },
        "six": {
            "hashes": [
                "sha256:3350809f0555b11f552448330d0b52d5f24c91a322ea4a15ef22629740f3761c",
                "sha256:d16a0141ec1a18405cd4ce8b4613101da75da0e9a7aec5bdd4fa804d0e0eba73"
            ],
            "version": "==1.12.0"
        },
        "swagger-ui-bundle": {
            "hashes": [
                "sha256:01ae8fdb1fa4e034933e0874afdda0d433dcb94476fccb231b66fd5f49dac96c",
                "sha256:802f160dd6fe1d6b8fa92c6a40f593ef52f87ad0f507b1170ad2067f03de4c01",
                "sha256:e88bd0d8334d685440a85210ff1e1083a0caabd4c36fa061843067ff4c2ac680"
            ],
            "version": "==0.0.5"
        },
        "thoth-common": {
            "hashes": [
                "sha256:bf61f6c464393e0e9caeeccdde3bdb75eca97eb67ac30c13f97821b100dceb7e"
            ],
            "index": "pypi",
            "version": "==0.8.5"
        },
        "threadloop": {
            "hashes": [
                "sha256:5c90dbefab6ffbdba26afb4829d2a9df8275d13ac7dc58dccb0e279992679599",
                "sha256:8b180aac31013de13c2ad5c834819771992d350267bddb854613ae77ef571944"
            ],
            "version": "==1.0.2"
        },
        "thrift": {
            "hashes": [
                "sha256:7d59ac4fdcb2c58037ebd4a9da5f9a49e3e034bf75b3f26d9fe48ba3d8806e6b"
            ],
            "version": "==0.11.0"
        },
        "tornado": {
            "hashes": [
                "sha256:5ef073ac6180038ccf99411fe05ae9aafb675952a2c8db60592d5daf8401f803",
                "sha256:6d14e47eab0e15799cf3cdcc86b0b98279da68522caace2bd7ce644287685f0a",
                "sha256:92b7ca81e18ba9ec3031a7ee73d4577ac21d41a0c9b775a9182f43301c3b5f8e",
                "sha256:ab587996fe6fb9ce65abfda440f9b61e4f9f2cf921967723540679176915e4c3",
                "sha256:b36298e9f63f18cad97378db2222c0e0ca6a55f6304e605515e05a25483ed51a"
            ],
            "version": "==4.5.3"
        },
        "tzlocal": {
            "hashes": [
                "sha256:11c9f16e0a633b4b60e1eede97d8a46340d042e67b670b290ca526576e039048",
                "sha256:949b9dd5ba4be17190a80c0268167d7e6c92c62b30026cf9764caf3e308e5590"
            ],
            "version": "==2.0.0"
        },
        "urllib3": {
            "hashes": [
                "sha256:4c291ca23bbb55c76518905869ef34bdd5f0e46af7afe6861e8375643ffee1a0",
                "sha256:9a247273df709c4fedb38c711e44292304f73f39ab01beda9f6b9fc375669ac3"
            ],
            "index": "pypi",
            "version": "==1.24.2"
        },
        "werkzeug": {
            "hashes": [
                "sha256:7280924747b5733b246fe23972186c6b348f9ae29724135a6dfc1e53cea433e7",
                "sha256:e5f4a1f98b52b18a93da705a7458e55afb26f32bff83ff5d19189f92462d65c4"
            ],
            "version": "==0.16.0"
        },
        "wrapt": {
            "hashes": [
                "sha256:565a021fd19419476b9362b05eeaa094178de64f8361e44468f9e9d7843901e1"
            ],
            "version": "==1.11.2"
        }
    },
    "develop": {}
}
